{
    "version": 3,
    "terraform_version": "0.11.5",
    "serial": 87,
    "lineage": "a2e84051-aa2d-cc11-7ca0-1462879f8e27",
    "modules": [
        {
            "path": [
                "root"
            ],
            "outputs": {
                "Bastion_host": {
                    "sensitive": false,
                    "type": "string",
                    "value": "13.57.39.118"
                },
                "elb-main": {
                    "sensitive": false,
                    "type": "string",
                    "value": "tf-lb-20180409203932533000000001-1299106631.us-west-1.elb.amazonaws.com"
                }
            },
            "resources": {
                "aws_elb.elb-main": {
                    "type": "aws_elb",
                    "depends_on": [
                        "aws_internet_gateway.igw",
                        "aws_security_group.elb-main-sgdefault",
                        "aws_subnet.public_subnet-us-west-1a"
                    ],
                    "primary": {
                        "id": "tf-lb-20180409203932533000000001",
                        "attributes": {
                            "access_logs.#": "0",
                            "arn": "arn:aws:elasticloadbalancing:us-west-1:410999287396:loadbalancer/tf-lb-20180409203932533000000001",
                            "availability_zones.#": "1",
                            "availability_zones.3205754986": "us-west-1a",
                            "connection_draining": "false",
                            "connection_draining_timeout": "300",
                            "cross_zone_load_balancing": "true",
                            "dns_name": "tf-lb-20180409203932533000000001-1299106631.us-west-1.elb.amazonaws.com",
                            "health_check.#": "1",
                            "health_check.0.healthy_threshold": "10",
                            "health_check.0.interval": "30",
                            "health_check.0.target": "TCP:8080",
                            "health_check.0.timeout": "5",
                            "health_check.0.unhealthy_threshold": "2",
                            "id": "tf-lb-20180409203932533000000001",
                            "idle_timeout": "60",
                            "instances.#": "0",
                            "internal": "false",
                            "listener.#": "5",
                            "listener.1092403652.instance_port": "8080",
                            "listener.1092403652.instance_protocol": "http",
                            "listener.1092403652.lb_port": "8080",
                            "listener.1092403652.lb_protocol": "http",
                            "listener.1092403652.ssl_certificate_id": "",
                            "listener.2024497952.instance_port": "2181",
                            "listener.2024497952.instance_protocol": "tcp",
                            "listener.2024497952.lb_port": "2181",
                            "listener.2024497952.lb_protocol": "tcp",
                            "listener.2024497952.ssl_certificate_id": "",
                            "listener.2176435435.instance_port": "9092",
                            "listener.2176435435.instance_protocol": "tcp",
                            "listener.2176435435.lb_port": "9092",
                            "listener.2176435435.lb_protocol": "tcp",
                            "listener.2176435435.ssl_certificate_id": "",
                            "listener.2576968324.instance_port": "9091",
                            "listener.2576968324.instance_protocol": "tcp",
                            "listener.2576968324.lb_port": "9091",
                            "listener.2576968324.lb_protocol": "tcp",
                            "listener.2576968324.ssl_certificate_id": "",
                            "listener.3057123346.instance_port": "80",
                            "listener.3057123346.instance_protocol": "http",
                            "listener.3057123346.lb_port": "80",
                            "listener.3057123346.lb_protocol": "http",
                            "listener.3057123346.ssl_certificate_id": "",
                            "name": "tf-lb-20180409203932533000000001",
                            "security_groups.#": "1",
                            "security_groups.3153556249": "sg-19d8e560",
                            "source_security_group": "410999287396/elb-main-sgdefault",
                            "source_security_group_id": "sg-19d8e560",
                            "subnets.#": "1",
                            "subnets.2278043479": "subnet-92c2aac9",
                            "tags.%": "1",
                            "tags.Name": "elb-main",
                            "zone_id": "Z368ELLRRE2KJ0"
                        },
                        "meta": {},
                        "tainted": false
                    },
                    "deposed": [],
                    "provider": "provider.aws"
                },
                "aws_instance.Bastion_host": {
                    "type": "aws_instance",
                    "depends_on": [
                        "aws_security_group.bastion_sg",
                        "aws_subnet.public_subnet-us-west-1a"
                    ],
                    "primary": {
                        "id": "i-003586a2164745fa7",
                        "attributes": {
                            "ami": "ami-925144f2",
                            "associate_public_ip_address": "true",
                            "availability_zone": "us-west-1a",
                            "disable_api_termination": "false",
                            "ebs_block_device.#": "0",
                            "ebs_optimized": "false",
                            "ephemeral_block_device.#": "0",
                            "get_password_data": "false",
                            "iam_instance_profile": "",
                            "id": "i-003586a2164745fa7",
                            "instance_state": "running",
                            "instance_type": "t2.micro",
                            "ipv6_addresses.#": "0",
                            "key_name": "admin_california",
                            "monitoring": "false",
                            "network_interface.#": "0",
                            "network_interface_id": "eni-f09da0f5",
                            "password_data": "",
                            "placement_group": "",
                            "primary_network_interface_id": "eni-f09da0f5",
                            "private_dns": "ip-10-0-10-9.us-west-1.compute.internal",
                            "private_ip": "10.0.10.9",
                            "public_dns": "ec2-13-57-39-118.us-west-1.compute.amazonaws.com",
                            "public_ip": "13.57.39.118",
                            "root_block_device.#": "1",
                            "root_block_device.0.delete_on_termination": "true",
                            "root_block_device.0.iops": "100",
                            "root_block_device.0.volume_id": "vol-00f7403c8a3cb0ef8",
                            "root_block_device.0.volume_size": "8",
                            "root_block_device.0.volume_type": "gp2",
                            "security_groups.#": "0",
                            "source_dest_check": "true",
                            "subnet_id": "subnet-92c2aac9",
                            "tags.%": "2",
                            "tags.Name": "Bastion",
                            "tags.role": "bastion",
                            "tenancy": "default",
                            "user_data": "f398f8121fb9c3142cc568ff29b9c0da20e07a13",
                            "volume_tags.%": "0",
                            "vpc_security_group_ids.#": "1",
                            "vpc_security_group_ids.1457648329": "sg-86d9e4ff"
                        },
                        "meta": {
                            "e2bfb730-ecaa-11e6-8f88-34363bc7c4c0": {
                                "create": 600000000000,
                                "delete": 1200000000000,
                                "update": 600000000000
                            },
                            "schema_version": "1"
                        },
                        "tainted": false
                    },
                    "deposed": [],
                    "provider": "provider.aws"
                },
                "aws_instance.KafkaServers.0": {
                    "type": "aws_instance",
                    "depends_on": [
                        "aws_security_group.public-sg",
                        "aws_subnet.public_subnet-us-west-1a"
                    ],
                    "primary": {
                        "id": "i-03445e4a2a62b5d22",
                        "attributes": {
                            "ami": "ami-925144f2",
                            "associate_public_ip_address": "true",
                            "availability_zone": "us-west-1a",
                            "disable_api_termination": "false",
                            "ebs_block_device.#": "0",
                            "ebs_optimized": "false",
                            "ephemeral_block_device.#": "0",
                            "get_password_data": "false",
                            "iam_instance_profile": "",
                            "id": "i-03445e4a2a62b5d22",
                            "instance_state": "running",
                            "instance_type": "t2.micro",
                            "ipv6_addresses.#": "0",
                            "key_name": "admin_california",
                            "monitoring": "false",
                            "network_interface.#": "0",
                            "network_interface_id": "eni-c4a39ec1",
                            "password_data": "",
                            "placement_group": "",
                            "primary_network_interface_id": "eni-c4a39ec1",
                            "private_dns": "ip-10-0-10-7.us-west-1.compute.internal",
                            "private_ip": "10.0.10.7",
                            "public_dns": "ec2-54-193-50-31.us-west-1.compute.amazonaws.com",
                            "public_ip": "54.193.50.31",
                            "root_block_device.#": "1",
                            "root_block_device.0.delete_on_termination": "true",
                            "root_block_device.0.iops": "100",
                            "root_block_device.0.volume_id": "vol-0938b9bc4f94d1d7c",
                            "root_block_device.0.volume_size": "8",
                            "root_block_device.0.volume_type": "gp2",
                            "security_groups.#": "0",
                            "source_dest_check": "true",
                            "subnet_id": "subnet-92c2aac9",
                            "tags.%": "4",
                            "tags.Name": "KAFKA-0",
                            "tags.group_class": "Server",
                            "tags.group_name": "KafkaServers",
                            "tags.role": "Kafka",
                            "tenancy": "default",
                            "user_data": "f398f8121fb9c3142cc568ff29b9c0da20e07a13",
                            "volume_tags.%": "0",
                            "vpc_security_group_ids.#": "1",
                            "vpc_security_group_ids.3975817937": "sg-98dee3e1"
                        },
                        "meta": {
                            "e2bfb730-ecaa-11e6-8f88-34363bc7c4c0": {
                                "create": 600000000000,
                                "delete": 1200000000000,
                                "update": 600000000000
                            },
                            "schema_version": "1"
                        },
                        "tainted": false
                    },
                    "deposed": [],
                    "provider": "provider.aws"
                },
                "aws_instance.KafkaServers.1": {
                    "type": "aws_instance",
                    "depends_on": [
                        "aws_security_group.public-sg",
                        "aws_subnet.public_subnet-us-west-1a"
                    ],
                    "primary": {
                        "id": "i-001e6c4b90a224d5b",
                        "attributes": {
                            "ami": "ami-925144f2",
                            "associate_public_ip_address": "true",
                            "availability_zone": "us-west-1a",
                            "disable_api_termination": "false",
                            "ebs_block_device.#": "0",
                            "ebs_optimized": "false",
                            "ephemeral_block_device.#": "0",
                            "get_password_data": "false",
                            "iam_instance_profile": "",
                            "id": "i-001e6c4b90a224d5b",
                            "instance_state": "running",
                            "instance_type": "t2.micro",
                            "ipv6_addresses.#": "0",
                            "key_name": "admin_california",
                            "monitoring": "false",
                            "network_interface.#": "0",
                            "network_interface_id": "eni-fb9ea3fe",
                            "password_data": "",
                            "placement_group": "",
                            "primary_network_interface_id": "eni-fb9ea3fe",
                            "private_dns": "ip-10-0-10-10.us-west-1.compute.internal",
                            "private_ip": "10.0.10.10",
                            "public_dns": "ec2-54-153-3-230.us-west-1.compute.amazonaws.com",
                            "public_ip": "54.153.3.230",
                            "root_block_device.#": "1",
                            "root_block_device.0.delete_on_termination": "true",
                            "root_block_device.0.iops": "100",
                            "root_block_device.0.volume_id": "vol-06f2ec6a60af74e5b",
                            "root_block_device.0.volume_size": "8",
                            "root_block_device.0.volume_type": "gp2",
                            "security_groups.#": "0",
                            "source_dest_check": "true",
                            "subnet_id": "subnet-92c2aac9",
                            "tags.%": "4",
                            "tags.Name": "KAFKA-1",
                            "tags.group_class": "Server",
                            "tags.group_name": "KafkaServers",
                            "tags.role": "Kafka",
                            "tenancy": "default",
                            "user_data": "f398f8121fb9c3142cc568ff29b9c0da20e07a13",
                            "volume_tags.%": "0",
                            "vpc_security_group_ids.#": "1",
                            "vpc_security_group_ids.3975817937": "sg-98dee3e1"
                        },
                        "meta": {
                            "e2bfb730-ecaa-11e6-8f88-34363bc7c4c0": {
                                "create": 600000000000,
                                "delete": 1200000000000,
                                "update": 600000000000
                            },
                            "schema_version": "1"
                        },
                        "tainted": false
                    },
                    "deposed": [],
                    "provider": "provider.aws"
                },
                "aws_instance.ZookeeperServers.0": {
                    "type": "aws_instance",
                    "depends_on": [
                        "aws_security_group.public-sg",
                        "aws_subnet.public_subnet-us-west-1a"
                    ],
                    "primary": {
                        "id": "i-00b2fd1aaa7aa9144",
                        "attributes": {
                            "ami": "ami-925144f2",
                            "associate_public_ip_address": "true",
                            "availability_zone": "us-west-1a",
                            "disable_api_termination": "false",
                            "ebs_block_device.#": "0",
                            "ebs_optimized": "false",
                            "ephemeral_block_device.#": "0",
                            "get_password_data": "false",
                            "iam_instance_profile": "",
                            "id": "i-00b2fd1aaa7aa9144",
                            "instance_state": "running",
                            "instance_type": "t2.micro",
                            "ipv6_addresses.#": "0",
                            "key_name": "admin_california",
                            "monitoring": "false",
                            "network_interface.#": "0",
                            "network_interface_id": "eni-7d9ca178",
                            "password_data": "",
                            "placement_group": "",
                            "primary_network_interface_id": "eni-7d9ca178",
                            "private_dns": "ip-10-0-10-14.us-west-1.compute.internal",
                            "private_ip": "10.0.10.14",
                            "public_dns": "ec2-54-67-125-62.us-west-1.compute.amazonaws.com",
                            "public_ip": "54.67.125.62",
                            "root_block_device.#": "1",
                            "root_block_device.0.delete_on_termination": "true",
                            "root_block_device.0.iops": "100",
                            "root_block_device.0.volume_id": "vol-0d38ee96b8c24aa85",
                            "root_block_device.0.volume_size": "8",
                            "root_block_device.0.volume_type": "gp2",
                            "security_groups.#": "0",
                            "source_dest_check": "true",
                            "subnet_id": "subnet-92c2aac9",
                            "tags.%": "4",
                            "tags.Name": "ZOOKEEPER-0",
                            "tags.group_class": "Server",
                            "tags.group_name": "ZookeeperServers",
                            "tags.role": "Zookeeper",
                            "tenancy": "default",
                            "user_data": "f398f8121fb9c3142cc568ff29b9c0da20e07a13",
                            "volume_tags.%": "0",
                            "vpc_security_group_ids.#": "1",
                            "vpc_security_group_ids.3975817937": "sg-98dee3e1"
                        },
                        "meta": {
                            "e2bfb730-ecaa-11e6-8f88-34363bc7c4c0": {
                                "create": 600000000000,
                                "delete": 1200000000000,
                                "update": 600000000000
                            },
                            "schema_version": "1"
                        },
                        "tainted": false
                    },
                    "deposed": [],
                    "provider": "provider.aws"
                },
                "aws_instance.ZookeeperServers.1": {
                    "type": "aws_instance",
                    "depends_on": [
                        "aws_security_group.public-sg",
                        "aws_subnet.public_subnet-us-west-1a"
                    ],
                    "primary": {
                        "id": "i-0579db29d67770baf",
                        "attributes": {
                            "ami": "ami-925144f2",
                            "associate_public_ip_address": "true",
                            "availability_zone": "us-west-1a",
                            "disable_api_termination": "false",
                            "ebs_block_device.#": "0",
                            "ebs_optimized": "false",
                            "ephemeral_block_device.#": "0",
                            "get_password_data": "false",
                            "iam_instance_profile": "",
                            "id": "i-0579db29d67770baf",
                            "instance_state": "running",
                            "instance_type": "t2.micro",
                            "ipv6_addresses.#": "0",
                            "key_name": "admin_california",
                            "monitoring": "false",
                            "network_interface.#": "0",
                            "network_interface_id": "eni-f89ea3fd",
                            "password_data": "",
                            "placement_group": "",
                            "primary_network_interface_id": "eni-f89ea3fd",
                            "private_dns": "ip-10-0-10-23.us-west-1.compute.internal",
                            "private_ip": "10.0.10.23",
                            "public_dns": "ec2-54-153-120-164.us-west-1.compute.amazonaws.com",
                            "public_ip": "54.153.120.164",
                            "root_block_device.#": "1",
                            "root_block_device.0.delete_on_termination": "true",
                            "root_block_device.0.iops": "100",
                            "root_block_device.0.volume_id": "vol-0743df508369b868a",
                            "root_block_device.0.volume_size": "8",
                            "root_block_device.0.volume_type": "gp2",
                            "security_groups.#": "0",
                            "source_dest_check": "true",
                            "subnet_id": "subnet-92c2aac9",
                            "tags.%": "4",
                            "tags.Name": "ZOOKEEPER-1",
                            "tags.group_class": "Server",
                            "tags.group_name": "ZookeeperServers",
                            "tags.role": "Zookeeper",
                            "tenancy": "default",
                            "user_data": "f398f8121fb9c3142cc568ff29b9c0da20e07a13",
                            "volume_tags.%": "0",
                            "vpc_security_group_ids.#": "1",
                            "vpc_security_group_ids.3975817937": "sg-98dee3e1"
                        },
                        "meta": {
                            "e2bfb730-ecaa-11e6-8f88-34363bc7c4c0": {
                                "create": 600000000000,
                                "delete": 1200000000000,
                                "update": 600000000000
                            },
                            "schema_version": "1"
                        },
                        "tainted": false
                    },
                    "deposed": [],
                    "provider": "provider.aws"
                },
                "aws_internet_gateway.igw": {
                    "type": "aws_internet_gateway",
                    "depends_on": [
                        "aws_vpc.kafkaVpc"
                    ],
                    "primary": {
                        "id": "igw-e8186a8c",
                        "attributes": {
                            "id": "igw-e8186a8c",
                            "tags.%": "1",
                            "tags.Name": "igw",
                            "vpc_id": "vpc-0c56c16b"
                        },
                        "meta": {},
                        "tainted": false
                    },
                    "deposed": [],
                    "provider": "provider.aws"
                },
                "aws_route_table.public-subnet-route-table": {
                    "type": "aws_route_table",
                    "depends_on": [
                        "aws_internet_gateway.igw",
                        "aws_vpc.kafkaVpc"
                    ],
                    "primary": {
                        "id": "rtb-252c1442",
                        "attributes": {
                            "id": "rtb-252c1442",
                            "propagating_vgws.#": "0",
                            "route.#": "1",
                            "route.280187606.cidr_block": "0.0.0.0/0",
                            "route.280187606.egress_only_gateway_id": "",
                            "route.280187606.gateway_id": "igw-e8186a8c",
                            "route.280187606.instance_id": "",
                            "route.280187606.ipv6_cidr_block": "",
                            "route.280187606.nat_gateway_id": "",
                            "route.280187606.network_interface_id": "",
                            "route.280187606.vpc_peering_connection_id": "",
                            "tags.%": "1",
                            "tags.Name": "public-route-table",
                            "vpc_id": "vpc-0c56c16b"
                        },
                        "meta": {},
                        "tainted": false
                    },
                    "deposed": [],
                    "provider": "provider.aws"
                },
                "aws_route_table_association.public-subnet-route-us-west-1a": {
                    "type": "aws_route_table_association",
                    "depends_on": [
                        "aws_route_table.public-subnet-route-table",
                        "aws_subnet.public_subnet-us-west-1a"
                    ],
                    "primary": {
                        "id": "rtbassoc-5d215f3b",
                        "attributes": {
                            "id": "rtbassoc-5d215f3b",
                            "route_table_id": "rtb-252c1442",
                            "subnet_id": "subnet-92c2aac9"
                        },
                        "meta": {},
                        "tainted": false
                    },
                    "deposed": [],
                    "provider": "provider.aws"
                },
                "aws_security_group.bastion_sg": {
                    "type": "aws_security_group",
                    "depends_on": [
                        "aws_vpc.kafkaVpc"
                    ],
                    "primary": {
                        "id": "sg-86d9e4ff",
                        "attributes": {
                            "arn": "arn:aws:ec2:us-west-1:410999287396:security-group/sg-86d9e4ff",
                            "description": "Managed by Terraform",
                            "egress.#": "1",
                            "egress.2541437006.cidr_blocks.#": "1",
                            "egress.2541437006.cidr_blocks.0": "0.0.0.0/0",
                            "egress.2541437006.description": "",
                            "egress.2541437006.from_port": "22",
                            "egress.2541437006.ipv6_cidr_blocks.#": "0",
                            "egress.2541437006.prefix_list_ids.#": "0",
                            "egress.2541437006.protocol": "tcp",
                            "egress.2541437006.security_groups.#": "0",
                            "egress.2541437006.self": "false",
                            "egress.2541437006.to_port": "22",
                            "id": "sg-86d9e4ff",
                            "ingress.#": "1",
                            "ingress.2541437006.cidr_blocks.#": "1",
                            "ingress.2541437006.cidr_blocks.0": "0.0.0.0/0",
                            "ingress.2541437006.description": "",
                            "ingress.2541437006.from_port": "22",
                            "ingress.2541437006.ipv6_cidr_blocks.#": "0",
                            "ingress.2541437006.protocol": "tcp",
                            "ingress.2541437006.security_groups.#": "0",
                            "ingress.2541437006.self": "false",
                            "ingress.2541437006.to_port": "22",
                            "name": "bastion-security-group",
                            "owner_id": "410999287396",
                            "revoke_rules_on_delete": "false",
                            "tags.%": "1",
                            "tags.Name": "bastion_sg",
                            "vpc_id": "vpc-0c56c16b"
                        },
                        "meta": {
                            "e2bfb730-ecaa-11e6-8f88-34363bc7c4c0": {
                                "create": 600000000000,
                                "delete": 600000000000
                            },
                            "schema_version": "1"
                        },
                        "tainted": false
                    },
                    "deposed": [],
                    "provider": "provider.aws"
                },
                "aws_security_group.elb-main-sgdefault": {
                    "type": "aws_security_group",
                    "depends_on": [
                        "aws_vpc.kafkaVpc"
                    ],
                    "primary": {
                        "id": "sg-19d8e560",
                        "attributes": {
                            "arn": "arn:aws:ec2:us-west-1:410999287396:security-group/sg-19d8e560",
                            "description": "Used for the ELBs",
                            "egress.#": "1",
                            "egress.482069346.cidr_blocks.#": "1",
                            "egress.482069346.cidr_blocks.0": "0.0.0.0/0",
                            "egress.482069346.description": "",
                            "egress.482069346.from_port": "0",
                            "egress.482069346.ipv6_cidr_blocks.#": "0",
                            "egress.482069346.prefix_list_ids.#": "0",
                            "egress.482069346.protocol": "-1",
                            "egress.482069346.security_groups.#": "0",
                            "egress.482069346.self": "false",
                            "egress.482069346.to_port": "0",
                            "id": "sg-19d8e560",
                            "ingress.#": "4",
                            "ingress.1682779669.cidr_blocks.#": "1",
                            "ingress.1682779669.cidr_blocks.0": "0.0.0.0/0",
                            "ingress.1682779669.description": "",
                            "ingress.1682779669.from_port": "9091",
                            "ingress.1682779669.ipv6_cidr_blocks.#": "0",
                            "ingress.1682779669.protocol": "tcp",
                            "ingress.1682779669.security_groups.#": "0",
                            "ingress.1682779669.self": "false",
                            "ingress.1682779669.to_port": "9091",
                            "ingress.2040044322.cidr_blocks.#": "1",
                            "ingress.2040044322.cidr_blocks.0": "0.0.0.0/0",
                            "ingress.2040044322.description": "",
                            "ingress.2040044322.from_port": "2181",
                            "ingress.2040044322.ipv6_cidr_blocks.#": "0",
                            "ingress.2040044322.protocol": "tcp",
                            "ingress.2040044322.security_groups.#": "0",
                            "ingress.2040044322.self": "false",
                            "ingress.2040044322.to_port": "2181",
                            "ingress.2214680975.cidr_blocks.#": "1",
                            "ingress.2214680975.cidr_blocks.0": "0.0.0.0/0",
                            "ingress.2214680975.description": "",
                            "ingress.2214680975.from_port": "80",
                            "ingress.2214680975.ipv6_cidr_blocks.#": "0",
                            "ingress.2214680975.protocol": "tcp",
                            "ingress.2214680975.security_groups.#": "0",
                            "ingress.2214680975.self": "false",
                            "ingress.2214680975.to_port": "80",
                            "ingress.4003573398.cidr_blocks.#": "1",
                            "ingress.4003573398.cidr_blocks.0": "0.0.0.0/0",
                            "ingress.4003573398.description": "",
                            "ingress.4003573398.from_port": "9092",
                            "ingress.4003573398.ipv6_cidr_blocks.#": "0",
                            "ingress.4003573398.protocol": "tcp",
                            "ingress.4003573398.security_groups.#": "0",
                            "ingress.4003573398.self": "false",
                            "ingress.4003573398.to_port": "9092",
                            "name": "elb-main-sgdefault",
                            "owner_id": "410999287396",
                            "revoke_rules_on_delete": "false",
                            "tags.%": "1",
                            "tags.Name": "elb-main-sgdefault",
                            "vpc_id": "vpc-0c56c16b"
                        },
                        "meta": {
                            "e2bfb730-ecaa-11e6-8f88-34363bc7c4c0": {
                                "create": 600000000000,
                                "delete": 600000000000
                            },
                            "schema_version": "1"
                        },
                        "tainted": false
                    },
                    "deposed": [],
                    "provider": "provider.aws"
                },
                "aws_security_group.public-sg": {
                    "type": "aws_security_group",
                    "depends_on": [
                        "aws_vpc.kafkaVpc"
                    ],
                    "primary": {
                        "id": "sg-98dee3e1",
                        "attributes": {
                            "arn": "arn:aws:ec2:us-west-1:410999287396:security-group/sg-98dee3e1",
                            "description": "Security group for publicly accessible instances",
                            "egress.#": "0",
                            "id": "sg-98dee3e1",
                            "ingress.#": "0",
                            "name": "public-security-group",
                            "owner_id": "410999287396",
                            "revoke_rules_on_delete": "false",
                            "tags.%": "1",
                            "tags.Name": "public-sg",
                            "vpc_id": "vpc-0c56c16b"
                        },
                        "meta": {
                            "e2bfb730-ecaa-11e6-8f88-34363bc7c4c0": {
                                "create": 600000000000,
                                "delete": 600000000000
                            },
                            "schema_version": "1"
                        },
                        "tainted": false
                    },
                    "deposed": [],
                    "provider": "provider.aws"
                },
                "aws_security_group_rule.allow-access-ssh": {
                    "type": "aws_security_group_rule",
                    "depends_on": [
                        "aws_security_group.bastion_sg",
                        "aws_security_group.public-sg"
                    ],
                    "primary": {
                        "id": "sgrule-1841574609",
                        "attributes": {
                            "from_port": "22",
                            "id": "sgrule-1841574609",
                            "protocol": "tcp",
                            "security_group_id": "sg-98dee3e1",
                            "self": "false",
                            "source_security_group_id": "sg-86d9e4ff",
                            "to_port": "22",
                            "type": "ingress"
                        },
                        "meta": {
                            "schema_version": "2"
                        },
                        "tainted": false
                    },
                    "deposed": [],
                    "provider": "provider.aws"
                },
                "aws_security_group_rule.allow-all-flask-dev": {
                    "type": "aws_security_group_rule",
                    "depends_on": [
                        "aws_security_group.public-sg"
                    ],
                    "primary": {
                        "id": "sgrule-2375578539",
                        "attributes": {
                            "from_port": "5000",
                            "id": "sgrule-2375578539",
                            "protocol": "tcp",
                            "security_group_id": "sg-98dee3e1",
                            "self": "false",
                            "source_security_group_id": "sg-98dee3e1",
                            "to_port": "5000",
                            "type": "ingress"
                        },
                        "meta": {
                            "schema_version": "2"
                        },
                        "tainted": false
                    },
                    "deposed": [],
                    "provider": "provider.aws"
                },
                "aws_security_group_rule.allow-all-http": {
                    "type": "aws_security_group_rule",
                    "depends_on": [
                        "aws_security_group.elb-main-sgdefault",
                        "aws_security_group.public-sg"
                    ],
                    "primary": {
                        "id": "sgrule-3081690116",
                        "attributes": {
                            "from_port": "80",
                            "id": "sgrule-3081690116",
                            "protocol": "tcp",
                            "security_group_id": "sg-98dee3e1",
                            "self": "false",
                            "source_security_group_id": "sg-19d8e560",
                            "to_port": "80",
                            "type": "ingress"
                        },
                        "meta": {
                            "schema_version": "2"
                        },
                        "tainted": false
                    },
                    "deposed": [],
                    "provider": "provider.aws"
                },
                "aws_security_group_rule.allow-all-kafka-node": {
                    "type": "aws_security_group_rule",
                    "depends_on": [
                        "aws_security_group.public-sg"
                    ],
                    "primary": {
                        "id": "sgrule-3043109989",
                        "attributes": {
                            "from_port": "9092",
                            "id": "sgrule-3043109989",
                            "protocol": "tcp",
                            "security_group_id": "sg-98dee3e1",
                            "self": "false",
                            "source_security_group_id": "sg-98dee3e1",
                            "to_port": "9092",
                            "type": "ingress"
                        },
                        "meta": {
                            "schema_version": "2"
                        },
                        "tainted": false
                    },
                    "deposed": [],
                    "provider": "provider.aws"
                },
                "aws_security_group_rule.allow-all-outbound": {
                    "type": "aws_security_group_rule",
                    "depends_on": [
                        "aws_security_group.public-sg"
                    ],
                    "primary": {
                        "id": "sgrule-3967618295",
                        "attributes": {
                            "cidr_blocks.#": "1",
                            "cidr_blocks.0": "0.0.0.0/0",
                            "from_port": "0",
                            "id": "sgrule-3967618295",
                            "protocol": "-1",
                            "security_group_id": "sg-98dee3e1",
                            "self": "false",
                            "to_port": "0",
                            "type": "egress"
                        },
                        "meta": {
                            "schema_version": "2"
                        },
                        "tainted": false
                    },
                    "deposed": [],
                    "provider": "provider.aws"
                },
                "aws_security_group_rule.allow-all-zookeeper": {
                    "type": "aws_security_group_rule",
                    "depends_on": [
                        "aws_security_group.public-sg"
                    ],
                    "primary": {
                        "id": "sgrule-714110612",
                        "attributes": {
                            "from_port": "2888",
                            "id": "sgrule-714110612",
                            "protocol": "tcp",
                            "security_group_id": "sg-98dee3e1",
                            "self": "false",
                            "source_security_group_id": "sg-98dee3e1",
                            "to_port": "2888",
                            "type": "ingress"
                        },
                        "meta": {
                            "schema_version": "2"
                        },
                        "tainted": false
                    },
                    "deposed": [],
                    "provider": "provider.aws"
                },
                "aws_security_group_rule.allow-all-zookeeper-leader": {
                    "type": "aws_security_group_rule",
                    "depends_on": [
                        "aws_security_group.public-sg"
                    ],
                    "primary": {
                        "id": "sgrule-3647898196",
                        "attributes": {
                            "from_port": "3888",
                            "id": "sgrule-3647898196",
                            "protocol": "tcp",
                            "security_group_id": "sg-98dee3e1",
                            "self": "false",
                            "source_security_group_id": "sg-98dee3e1",
                            "to_port": "3888",
                            "type": "ingress"
                        },
                        "meta": {
                            "schema_version": "2"
                        },
                        "tainted": false
                    },
                    "deposed": [],
                    "provider": "provider.aws"
                },
                "aws_security_group_rule.allow-all-zookeeper-service-discovery": {
                    "type": "aws_security_group_rule",
                    "depends_on": [
                        "aws_security_group.public-sg"
                    ],
                    "primary": {
                        "id": "sgrule-2188003552",
                        "attributes": {
                            "from_port": "2181",
                            "id": "sgrule-2188003552",
                            "protocol": "tcp",
                            "security_group_id": "sg-98dee3e1",
                            "self": "false",
                            "source_security_group_id": "sg-98dee3e1",
                            "to_port": "2181",
                            "type": "ingress"
                        },
                        "meta": {
                            "schema_version": "2"
                        },
                        "tainted": false
                    },
                    "deposed": [],
                    "provider": "provider.aws"
                },
                "aws_subnet.public_subnet-us-west-1a": {
                    "type": "aws_subnet",
                    "depends_on": [
                        "aws_vpc.kafkaVpc"
                    ],
                    "primary": {
                        "id": "subnet-92c2aac9",
                        "attributes": {
                            "assign_ipv6_address_on_creation": "false",
                            "availability_zone": "us-west-1a",
                            "cidr_block": "10.0.10.0/27",
                            "id": "subnet-92c2aac9",
                            "map_public_ip_on_launch": "true",
                            "tags.%": "1",
                            "tags.Name": "public-subnet",
                            "vpc_id": "vpc-0c56c16b"
                        },
                        "meta": {
                            "schema_version": "1"
                        },
                        "tainted": false
                    },
                    "deposed": [],
                    "provider": "provider.aws"
                },
                "aws_vpc.kafkaVpc": {
                    "type": "aws_vpc",
                    "depends_on": [],
                    "primary": {
                        "id": "vpc-0c56c16b",
                        "attributes": {
                            "assign_generated_ipv6_cidr_block": "false",
                            "cidr_block": "10.0.0.0/16",
                            "default_network_acl_id": "acl-f7f8a290",
                            "default_route_table_id": "rtb-c8360eaf",
                            "default_security_group_id": "sg-67dee31e",
                            "dhcp_options_id": "dopt-87ec5ee0",
                            "enable_classiclink": "false",
                            "enable_classiclink_dns_support": "false",
                            "enable_dns_hostnames": "true",
                            "enable_dns_support": "true",
                            "id": "vpc-0c56c16b",
                            "instance_tenancy": "default",
                            "main_route_table_id": "rtb-c8360eaf",
                            "tags.%": "0"
                        },
                        "meta": {
                            "schema_version": "1"
                        },
                        "tainted": false
                    },
                    "deposed": [],
                    "provider": "provider.aws"
                }
            },
            "depends_on": []
        }
    ]
}
